<?xml version="1.0" encoding="utf-8"?>
<Project ToolsVersion="4.0" xmlns="http://schemas.microsoft.com/developer/msbuild/2003">
  <ItemGroup>
    <ClCompile Include="ActorTest.cpp" />
    <ClCompile Include="AnisotoropicParticleTest.cpp" />
    <ClCompile Include="BoneTest.cpp" />
    <ClCompile Include="JointTest.cpp" />
    <ClCompile Include="OctTreeTest.cpp" />
    <ClCompile Include="ParticleObjectTest.cpp" />
    <ClCompile Include="ParticleTest.cpp" />
    <ClCompile Include="SpaceHashTest.cpp" />
    <ClCompile Include="VertexTest.cpp" />
    <ClCompile Include="VolumeCellTest.cpp" />
    <ClCompile Include="VolumeNodeTest.cpp" />
    <ClCompile Include="VolumeObjectTest.cpp" />
    <ClCompile Include="stdafx.cpp" />
    <ClCompile Include="NodeGridTest.cpp" />
    <ClCompile Include="UIDTest.cpp" />
    <ClCompile Include="NodeCollectionTest.cpp">
      <Filter>Collection</Filter>
    </ClCompile>
    <ClCompile Include="EdgeTest.cpp" />
    <ClCompile Include="PolygonMeshTest.cpp" />
  </ItemGroup>
  <ItemGroup>
    <Filter Include="Graph">
      <UniqueIdentifier>{efddd844-a07d-4c32-aa45-3bd9ae91d635}</UniqueIdentifier>
    </Filter>
    <Filter Include="Collection">
      <UniqueIdentifier>{5335422d-c4a9-4ef5-99e5-b29948d5bbcb}</UniqueIdentifier>
    </Filter>
    <Filter Include="PolygonMesh">
      <UniqueIdentifier>{f578aca5-515a-4d5a-abff-780bbef1bea9}</UniqueIdentifier>
    </Filter>
  </ItemGroup>
  <ItemGroup>
    <ClInclude Include="stdafx.h" />
  </ItemGroup>
</Project>