<?xml version="1.0" encoding="utf-8"?>
<Project ToolsVersion="4.0" xmlns="http://schemas.microsoft.com/developer/msbuild/2003">
  <ItemGroup>
    <ClCompile Include="ColorHSV.cpp" />
    <ClCompile Include="ColorMap.cpp" />
    <ClCompile Include="ColorRGBA.cpp" />
    <ClCompile Include="DrawableID.cpp" />
    <ClCompile Include="IBuffer.cpp" />
    <ClCompile Include="Image.cpp" />
    <ClCompile Include="Material.cpp" />
    <ClCompile Include="VisualPolygon.cpp" />
    <ClCompile Include="WindowCoord2d.cpp" />
    <ClCompile Include="PointBuffer.cpp">
      <Filter>Buffer</Filter>
    </ClCompile>
    <ClCompile Include="TriangleBuffer.cpp">
      <Filter>Buffer</Filter>
    </ClCompile>
    <ClCompile Include="LineBuffer.cpp">
      <Filter>Buffer</Filter>
    </ClCompile>
    <ClCompile Include="EllipsoidBuffer.cpp">
      <Filter>Buffer</Filter>
    </ClCompile>
    <ClCompile Include="OrientedParticleBuffer.cpp">
      <Filter>Buffer</Filter>
    </ClCompile>
    <ClCompile Include="OrthogonalCamera.cpp">
      <Filter>Camera</Filter>
    </ClCompile>
    <ClCompile Include="PerspectiveCamera.cpp">
      <Filter>Camera</Filter>
    </ClCompile>
    <ClCompile Include="ICamera.cpp">
      <Filter>Camera</Filter>
    </ClCompile>
    <ClCompile Include="TriangleIdBuffer.cpp">
      <Filter>Buffer</Filter>
    </ClCompile>
    <ClCompile Include="stdafx.cpp" />
    <ClCompile Include="LineIdBuffer.cpp">
      <Filter>Buffer</Filter>
    </ClCompile>
    <ClCompile Include="PointIdBuffer.cpp">
      <Filter>Buffer</Filter>
    </ClCompile>
    <ClCompile Include="TriangleColorBuffer.cpp">
      <Filter>Buffer</Filter>
    </ClCompile>
    <ClCompile Include="Line2dBuffer.cpp">
      <Filter>Buffer</Filter>
    </ClCompile>
    <ClCompile Include="MaterialRepository.cpp" />
    <ClCompile Include="ColoredPolygon.cpp" />
    <ClCompile Include="Texture.cpp" />
  </ItemGroup>
  <ItemGroup>
    <ClInclude Include="ColorMap.h" />
    <ClInclude Include="DrawableID.h" />
    <ClInclude Include="IBuffer.h" />
    <ClInclude Include="ColorHSV.h" />
    <ClInclude Include="ColorRGBA.h" />
    <ClInclude Include="Image.h" />
    <ClInclude Include="Material.h" />
    <ClInclude Include="MaterialMap.h" />
    <ClInclude Include="stb_image.h" />
    <ClInclude Include="VisualPolygon.h" />
    <ClInclude Include="WindowCoord2d.h" />
    <ClInclude Include="Wireframe.h" />
    <ClInclude Include="Buffer1d.h">
      <Filter>Buffer</Filter>
    </ClInclude>
    <ClInclude Include="Buffer2d.h">
      <Filter>Buffer</Filter>
    </ClInclude>
    <ClInclude Include="Buffer3d.h">
      <Filter>Buffer</Filter>
    </ClInclude>
    <ClInclude Include="Buffer4d.h">
      <Filter>Buffer</Filter>
    </ClInclude>
    <ClInclude Include="PointBuffer.h">
      <Filter>Buffer</Filter>
    </ClInclude>
    <ClInclude Include="TriangleBuffer.h">
      <Filter>Buffer</Filter>
    </ClInclude>
    <ClInclude Include="LineBuffer.h">
      <Filter>Buffer</Filter>
    </ClInclude>
    <ClInclude Include="EllipsoidBuffer.h">
      <Filter>Buffer</Filter>
    </ClInclude>
    <ClInclude Include="OrientedParticleBuffer.h">
      <Filter>Buffer</Filter>
    </ClInclude>
    <ClInclude Include="OrthogonalCamera.h">
      <Filter>Camera</Filter>
    </ClInclude>
    <ClInclude Include="PerspectiveCamera.h">
      <Filter>Camera</Filter>
    </ClInclude>
    <ClInclude Include="ICamera.h">
      <Filter>Camera</Filter>
    </ClInclude>
    <ClInclude Include="TriangleIdBuffer.h">
      <Filter>Buffer</Filter>
    </ClInclude>
    <ClInclude Include="Graphics.h" />
    <ClInclude Include="Light.h">
      <Filter>Light</Filter>
    </ClInclude>
    <ClInclude Include="stdafx.h" />
    <ClInclude Include="LineIdBuffer.h">
      <Filter>Buffer</Filter>
    </ClInclude>
    <ClInclude Include="PointIdBuffer.h">
      <Filter>Buffer</Filter>
    </ClInclude>
    <ClInclude Include="TriangleColorBuffer.h">
      <Filter>Buffer</Filter>
    </ClInclude>
    <ClInclude Include="Line2dBuffer.h">
      <Filter>Buffer</Filter>
    </ClInclude>
    <ClInclude Include="MaterialRepository.h" />
    <ClInclude Include="ColoredPolygon.h" />
    <ClInclude Include="Texture.h" />
  </ItemGroup>
  <ItemGroup>
    <Filter Include="Buffer">
      <UniqueIdentifier>{b776f1ab-55fc-47fe-b412-31a90c3897e6}</UniqueIdentifier>
    </Filter>
    <Filter Include="Camera">
      <UniqueIdentifier>{bbd160af-baa3-422f-9798-4290464b45ca}</UniqueIdentifier>
    </Filter>
    <Filter Include="Light">
      <UniqueIdentifier>{0f6a21de-55f9-437e-b03c-5a9ae6787361}</UniqueIdentifier>
    </Filter>
  </ItemGroup>
</Project>