<?xml version="1.0" encoding="utf-8"?>
<Project ToolsVersion="4.0" xmlns="http://schemas.microsoft.com/developer/msbuild/2003">
  <ItemGroup>
    <ClCompile Include="ColorHSV.cpp" />
    <ClCompile Include="ColorMap.cpp" />
    <ClCompile Include="ColorRGBA.cpp" />
    <ClCompile Include="DrawableID.cpp" />
    <ClCompile Include="EllipsoidBuffer.cpp" />
    <ClCompile Include="IBuffer.cpp" />
    <ClCompile Include="ICamera.cpp" />
    <ClCompile Include="Image.cpp" />
    <ClCompile Include="Material.cpp" />
    <ClCompile Include="OrthogonalCamera.cpp" />
    <ClCompile Include="PerspectiveCamera.cpp" />
    <ClCompile Include="VisualPolygon.cpp" />
    <ClCompile Include="WindowCoord2d.cpp" />
    <ClCompile Include="PointBuffer.cpp">
      <Filter>Buffer</Filter>
    </ClCompile>
    <ClCompile Include="TriangleBuffer.cpp">
      <Filter>Buffer</Filter>
    </ClCompile>
    <ClCompile Include="LineBuffer.cpp">
      <Filter>Buffer</Filter>
    </ClCompile>
  </ItemGroup>
  <ItemGroup>
    <ClInclude Include="ColorMap.h" />
    <ClInclude Include="DrawableID.h" />
    <ClInclude Include="EllipsoidBuffer.h" />
    <ClInclude Include="IBuffer.h" />
    <ClInclude Include="ICamera.h" />
    <ClInclude Include="ColorHSV.h" />
    <ClInclude Include="ColorRGBA.h" />
    <ClInclude Include="Image.h" />
    <ClInclude Include="Light.h" />
    <ClInclude Include="Material.h" />
    <ClInclude Include="MaterialMap.h" />
    <ClInclude Include="OrthogonalCamera.h" />
    <ClInclude Include="PerspectiveCamera.h" />
    <ClInclude Include="stb_image.h" />
    <ClInclude Include="VisualPolygon.h" />
    <ClInclude Include="WindowCoord2d.h" />
    <ClInclude Include="Wireframe.h" />
    <ClInclude Include="Buffer1d.h">
      <Filter>Buffer</Filter>
    </ClInclude>
    <ClInclude Include="Buffer2d.h">
      <Filter>Buffer</Filter>
    </ClInclude>
    <ClInclude Include="Buffer3d.h">
      <Filter>Buffer</Filter>
    </ClInclude>
    <ClInclude Include="Buffer4d.h">
      <Filter>Buffer</Filter>
    </ClInclude>
    <ClInclude Include="PointBuffer.h">
      <Filter>Buffer</Filter>
    </ClInclude>
    <ClInclude Include="TriangleBuffer.h">
      <Filter>Buffer</Filter>
    </ClInclude>
    <ClInclude Include="LineBuffer.h">
      <Filter>Buffer</Filter>
    </ClInclude>
  </ItemGroup>
  <ItemGroup>
    <Filter Include="Buffer">
      <UniqueIdentifier>{b776f1ab-55fc-47fe-b412-31a90c3897e6}</UniqueIdentifier>
    </Filter>
  </ItemGroup>
</Project>