<?xml version="1.0" encoding="utf-8"?>
<Project ToolsVersion="4.0" xmlns="http://schemas.microsoft.com/developer/msbuild/2003">
  <ItemGroup>
    <ClCompile Include="GLee.cpp" />
    <ClCompile Include="ShaderObject.cpp" />
    <ClCompile Include="DepthRenderer.cpp">
      <Filter>Renderer</Filter>
    </ClCompile>
    <ClCompile Include="IDRenderer.cpp">
      <Filter>Renderer</Filter>
    </ClCompile>
    <ClCompile Include="NormalRenderer.cpp">
      <Filter>Renderer</Filter>
    </ClCompile>
    <ClCompile Include="SmoothRenderer.cpp">
      <Filter>Renderer</Filter>
    </ClCompile>
    <ClCompile Include="FrameBuffer.cpp">
      <Filter>Buffer</Filter>
    </ClCompile>
    <ClCompile Include="IRenderer.cpp">
      <Filter>Renderer</Filter>
    </ClCompile>
    <ClCompile Include="QuadRenderer.cpp">
      <Filter>Renderer</Filter>
    </ClCompile>
    <ClCompile Include="BillBoardRenderer.cpp">
      <Filter>Renderer</Filter>
    </ClCompile>
    <ClCompile Include="PointRenderer.cpp">
      <Filter>Renderer</Filter>
    </ClCompile>
    <ClCompile Include="LineRenderer.cpp">
      <Filter>Renderer</Filter>
    </ClCompile>
    <ClCompile Include="LegacyRenderer.cpp">
      <Filter>Legacy</Filter>
    </ClCompile>
    <ClCompile Include="VisualObject.cpp" />
    <ClCompile Include="ParticleDepthRenderer.cpp">
      <Filter>Renderer\Fluid</Filter>
    </ClCompile>
    <ClCompile Include="BilateralFilter.cpp">
      <Filter>Renderer\Fluid</Filter>
    </ClCompile>
    <ClCompile Include="NormalFilter.cpp">
      <Filter>Renderer\Fluid</Filter>
    </ClCompile>
    <ClCompile Include="DeferredRenderer.cpp">
      <Filter>Renderer\Fluid</Filter>
    </ClCompile>
    <ClCompile Include="FluidRenderer.cpp">
      <Filter>Renderer\Fluid</Filter>
    </ClCompile>
    <ClCompile Include="OnScreenRenderer.cpp">
      <Filter>Renderer\Fluid</Filter>
    </ClCompile>
    <ClCompile Include="CubeMapRenderer.cpp">
      <Filter>Renderer\Fluid</Filter>
    </ClCompile>
    <ClCompile Include="SkyBoxRenderer.cpp">
      <Filter>Renderer\Fluid</Filter>
    </ClCompile>
    <ClCompile Include="CubeMapTexture.cpp">
      <Filter>Texture</Filter>
    </ClCompile>
    <ClCompile Include="DepthTexture.cpp">
      <Filter>Texture</Filter>
    </ClCompile>
    <ClCompile Include="Texture.cpp">
      <Filter>Texture</Filter>
    </ClCompile>
    <ClCompile Include="DepthBuffer.cpp">
      <Filter>Buffer</Filter>
    </ClCompile>
    <ClCompile Include="SSCompositeRenderer.cpp">
      <Filter>Renderer\Fluid</Filter>
    </ClCompile>
    <ClCompile Include="GeometryRenderer.cpp">
      <Filter>Renderer\Fluid</Filter>
    </ClCompile>
    <ClCompile Include="SSNormalRenderer.cpp">
      <Filter>Renderer\Fluid</Filter>
    </ClCompile>
    <ClCompile Include="SSReflectionRenderer.cpp">
      <Filter>Renderer\Fluid</Filter>
    </ClCompile>
    <ClCompile Include="SSRefractionRenderer.cpp">
      <Filter>Renderer\Fluid</Filter>
    </ClCompile>
    <ClCompile Include="DepthSmoothingRenderer.cpp">
      <Filter>Renderer\Fluid</Filter>
    </ClCompile>
    <ClCompile Include="FrameBufferObject.cpp">
      <Filter>Buffer</Filter>
    </ClCompile>
    <ClCompile Include="SSAbsorptionRenderer.cpp">
      <Filter>Renderer\Fluid</Filter>
    </ClCompile>
    <ClCompile Include="SSThicknessRenderer.cpp">
      <Filter>Renderer\Fluid</Filter>
    </ClCompile>
    <ClCompile Include="VisualMaterial.cpp" />
    <ClCompile Include="PolygonScene.cpp">
      <Filter>Scene</Filter>
    </ClCompile>
    <ClCompile Include="Scene.cpp">
      <Filter>Scene</Filter>
    </ClCompile>
    <ClCompile Include="TextureHandler.cpp">
      <Filter>Handler</Filter>
    </ClCompile>
    <ClCompile Include="ShaderHandler.cpp">
      <Filter>Handler</Filter>
    </ClCompile>
  </ItemGroup>
  <ItemGroup>
    <ClInclude Include="GLee.h" />
    <ClInclude Include="ShaderObject.h" />
    <ClInclude Include="DepthRenderer.h">
      <Filter>Renderer</Filter>
    </ClInclude>
    <ClInclude Include="IDRenderer.h">
      <Filter>Renderer</Filter>
    </ClInclude>
    <ClInclude Include="NormalRenderer.h">
      <Filter>Renderer</Filter>
    </ClInclude>
    <ClInclude Include="SmoothRenderer.h">
      <Filter>Renderer</Filter>
    </ClInclude>
    <ClInclude Include="NullRenderer.h">
      <Filter>Renderer</Filter>
    </ClInclude>
    <ClInclude Include="FrameBuffer.h">
      <Filter>Buffer</Filter>
    </ClInclude>
    <ClInclude Include="IRenderer.h">
      <Filter>Renderer</Filter>
    </ClInclude>
    <ClInclude Include="QuadRenderer.h">
      <Filter>Renderer</Filter>
    </ClInclude>
    <ClInclude Include="BillBoardRenderer.h">
      <Filter>Renderer</Filter>
    </ClInclude>
    <ClInclude Include="PointRenderer.h">
      <Filter>Renderer</Filter>
    </ClInclude>
    <ClInclude Include="LineRenderer.h">
      <Filter>Renderer</Filter>
    </ClInclude>
    <ClInclude Include="LegacyRenderer.h">
      <Filter>Legacy</Filter>
    </ClInclude>
    <ClInclude Include="VisualObject.h" />
    <ClInclude Include="BilateralFilter.h">
      <Filter>Renderer\Fluid</Filter>
    </ClInclude>
    <ClInclude Include="ParticleDepthRenderer.h">
      <Filter>Renderer\Fluid</Filter>
    </ClInclude>
    <ClInclude Include="NormalFilter.h">
      <Filter>Renderer\Fluid</Filter>
    </ClInclude>
    <ClInclude Include="DeferredRenderer.h">
      <Filter>Renderer\Fluid</Filter>
    </ClInclude>
    <ClInclude Include="FluidRenderer.h">
      <Filter>Renderer\Fluid</Filter>
    </ClInclude>
    <ClInclude Include="OnScreenRenderer.h">
      <Filter>Renderer\Fluid</Filter>
    </ClInclude>
    <ClInclude Include="CubeMapRenderer.h">
      <Filter>Renderer\Fluid</Filter>
    </ClInclude>
    <ClInclude Include="SkyBoxRenderer.h">
      <Filter>Renderer\Fluid</Filter>
    </ClInclude>
    <ClInclude Include="CubeMapTexture.h">
      <Filter>Texture</Filter>
    </ClInclude>
    <ClInclude Include="DepthTexture.h">
      <Filter>Texture</Filter>
    </ClInclude>
    <ClInclude Include="Texture.h">
      <Filter>Texture</Filter>
    </ClInclude>
    <ClInclude Include="DepthBuffer.h">
      <Filter>Buffer</Filter>
    </ClInclude>
    <ClInclude Include="ITexture.h">
      <Filter>Texture</Filter>
    </ClInclude>
    <ClInclude Include="SSCompositeRenderer.h">
      <Filter>Renderer\Fluid</Filter>
    </ClInclude>
    <ClInclude Include="GeometryRenderer.h">
      <Filter>Renderer\Fluid</Filter>
    </ClInclude>
    <ClInclude Include="SSNormalRenderer.h">
      <Filter>Renderer\Fluid</Filter>
    </ClInclude>
    <ClInclude Include="SSReflectionRenderer.h">
      <Filter>Renderer\Fluid</Filter>
    </ClInclude>
    <ClInclude Include="SSRefractionRenderer.h">
      <Filter>Renderer\Fluid</Filter>
    </ClInclude>
    <ClInclude Include="DepthSmoothingRenderer.h">
      <Filter>Renderer\Fluid</Filter>
    </ClInclude>
    <ClInclude Include="FrameBufferObject.h">
      <Filter>Buffer</Filter>
    </ClInclude>
    <ClInclude Include="SSAbsorptionRenderer.h">
      <Filter>Renderer\Fluid</Filter>
    </ClInclude>
    <ClInclude Include="SSThicknessRenderer.h">
      <Filter>Renderer\Fluid</Filter>
    </ClInclude>
    <ClInclude Include="VisualMaterial.h" />
    <ClInclude Include="PolygonScene.h">
      <Filter>Scene</Filter>
    </ClInclude>
    <ClInclude Include="ShaderHandler.h">
      <Filter>Handler</Filter>
    </ClInclude>
    <ClInclude Include="Scene.h">
      <Filter>Scene</Filter>
    </ClInclude>
    <ClInclude Include="TextureHandler.h">
      <Filter>Handler</Filter>
    </ClInclude>
  </ItemGroup>
  <ItemGroup>
    <Filter Include="Renderer">
      <UniqueIdentifier>{5ea4192e-6ad7-42a3-baef-e0f6945316b9}</UniqueIdentifier>
    </Filter>
    <Filter Include="Buffer">
      <UniqueIdentifier>{cd996dae-e6ad-4a42-9296-d1ce1496a8cc}</UniqueIdentifier>
    </Filter>
    <Filter Include="Legacy">
      <UniqueIdentifier>{ed00d851-f143-4e9e-afe0-5643e01c6eda}</UniqueIdentifier>
    </Filter>
    <Filter Include="Renderer\Fluid">
      <UniqueIdentifier>{9c8d7b1f-e503-4c72-9f11-57f44fa2075e}</UniqueIdentifier>
    </Filter>
    <Filter Include="Texture">
      <UniqueIdentifier>{7c2c28ba-3e23-47b2-b336-a04ba7496990}</UniqueIdentifier>
    </Filter>
    <Filter Include="Scene">
      <UniqueIdentifier>{ef0bb0d9-b179-4630-a9d2-ef9d6cd5d176}</UniqueIdentifier>
    </Filter>
    <Filter Include="Handler">
      <UniqueIdentifier>{513a4b81-dabe-41b0-8a4b-cff23d588c3a}</UniqueIdentifier>
    </Filter>
  </ItemGroup>
</Project>