
Microsoft Visual Studio Solution File, Format Version 12.00
# Visual Studio 14
VisualStudioVersion = 14.0.25123.0
MinimumVisualStudioVersion = 10.0.40219.1
Project("{8BC9CEB8-8B4A-11D0-8D11-00A0C91BC942}") = "IO", "IO\IO.vcxproj", "{028C3897-F00D-4265-B059-BC79B022A0A0}"
	ProjectSection(ProjectDependencies) = postProject
		{537EAC39-E4FD-4904-A991-4DF9F55D0763} = {537EAC39-E4FD-4904-A991-4DF9F55D0763}
		{EF87AE9B-8651-451D-B8AF-ADCF3F1CEA50} = {EF87AE9B-8651-451D-B8AF-ADCF3F1CEA50}
		{D223F7E4-2661-4B1B-8E32-CFB895256E2E} = {D223F7E4-2661-4B1B-8E32-CFB895256E2E}
	EndProjectSection
EndProject
Project("{8BC9CEB8-8B4A-11D0-8D11-00A0C91BC942}") = "GraphicsTest", "GraphicsTest\GraphicsTest.vcxproj", "{237CD933-92AB-4D20-A554-78F84819FE5D}"
	ProjectSection(ProjectDependencies) = postProject
		{537EAC39-E4FD-4904-A991-4DF9F55D0763} = {537EAC39-E4FD-4904-A991-4DF9F55D0763}
		{EF87AE9B-8651-451D-B8AF-ADCF3F1CEA50} = {EF87AE9B-8651-451D-B8AF-ADCF3F1CEA50}
		{A75C81D2-613A-4958-A669-A655964419A8} = {A75C81D2-613A-4958-A669-A655964419A8}
		{D223F7E4-2661-4B1B-8E32-CFB895256E2E} = {D223F7E4-2661-4B1B-8E32-CFB895256E2E}
	EndProjectSection
EndProject
Project("{8BC9CEB8-8B4A-11D0-8D11-00A0C91BC942}") = "MathTest", "MathTest\MathTest.vcxproj", "{E7634880-87E0-4EF1-99FA-E9871BC1B152}"
	ProjectSection(ProjectDependencies) = postProject
		{EF87AE9B-8651-451D-B8AF-ADCF3F1CEA50} = {EF87AE9B-8651-451D-B8AF-ADCF3F1CEA50}
	EndProjectSection
EndProject
Project("{8BC9CEB8-8B4A-11D0-8D11-00A0C91BC942}") = "IOTest", "IOTest\IOTest.vcxproj", "{6BF13D86-6D76-43D6-B608-943F8E8102D5}"
	ProjectSection(ProjectDependencies) = postProject
		{537EAC39-E4FD-4904-A991-4DF9F55D0763} = {537EAC39-E4FD-4904-A991-4DF9F55D0763}
		{028C3897-F00D-4265-B059-BC79B022A0A0} = {028C3897-F00D-4265-B059-BC79B022A0A0}
		{D223F7E4-2661-4B1B-8E32-CFB895256E2E} = {D223F7E4-2661-4B1B-8E32-CFB895256E2E}
	EndProjectSection
EndProject
Project("{8BC9CEB8-8B4A-11D0-8D11-00A0C91BC942}") = "Shader", "Shader\Shader.vcxproj", "{9EBE4E78-21E5-4010-8AE5-55DB84AFC8E2}"
	ProjectSection(ProjectDependencies) = postProject
		{537EAC39-E4FD-4904-A991-4DF9F55D0763} = {537EAC39-E4FD-4904-A991-4DF9F55D0763}
		{028C3897-F00D-4265-B059-BC79B022A0A0} = {028C3897-F00D-4265-B059-BC79B022A0A0}
		{EF87AE9B-8651-451D-B8AF-ADCF3F1CEA50} = {EF87AE9B-8651-451D-B8AF-ADCF3F1CEA50}
	EndProjectSection
EndProject
Project("{8BC9CEB8-8B4A-11D0-8D11-00A0C91BC942}") = "PhysicsTest", "PhysicsTest\PhysicsTest.vcxproj", "{51436043-10F6-42F3-85BE-F2FEAF480AFA}"
	ProjectSection(ProjectDependencies) = postProject
		{EF87AE9B-8651-451D-B8AF-ADCF3F1CEA50} = {EF87AE9B-8651-451D-B8AF-ADCF3F1CEA50}
		{A75C81D2-613A-4958-A669-A655964419A8} = {A75C81D2-613A-4958-A669-A655964419A8}
	EndProjectSection
EndProject
Project("{8BC9CEB8-8B4A-11D0-8D11-00A0C91BC942}") = "Graphics", "Graphics\Graphics.vcxproj", "{537EAC39-E4FD-4904-A991-4DF9F55D0763}"
	ProjectSection(ProjectDependencies) = postProject
		{EF87AE9B-8651-451D-B8AF-ADCF3F1CEA50} = {EF87AE9B-8651-451D-B8AF-ADCF3F1CEA50}
		{D223F7E4-2661-4B1B-8E32-CFB895256E2E} = {D223F7E4-2661-4B1B-8E32-CFB895256E2E}
	EndProjectSection
EndProject
Project("{8BC9CEB8-8B4A-11D0-8D11-00A0C91BC942}") = "Math", "Math\Math.vcxproj", "{EF87AE9B-8651-451D-B8AF-ADCF3F1CEA50}"
EndProject
Project("{8BC9CEB8-8B4A-11D0-8D11-00A0C91BC942}") = "Core", "Core\Core.vcxproj", "{D223F7E4-2661-4B1B-8E32-CFB895256E2E}"
	ProjectSection(ProjectDependencies) = postProject
		{EF87AE9B-8651-451D-B8AF-ADCF3F1CEA50} = {EF87AE9B-8651-451D-B8AF-ADCF3F1CEA50}
	EndProjectSection
EndProject
Project("{8BC9CEB8-8B4A-11D0-8D11-00A0C91BC942}") = "CoreTest", "CoreTest\CoreTest.vcxproj", "{9414E182-179E-4CF4-8574-BD4DF1781602}"
	ProjectSection(ProjectDependencies) = postProject
		{EF87AE9B-8651-451D-B8AF-ADCF3F1CEA50} = {EF87AE9B-8651-451D-B8AF-ADCF3F1CEA50}
		{A75C81D2-613A-4958-A669-A655964419A8} = {A75C81D2-613A-4958-A669-A655964419A8}
		{D223F7E4-2661-4B1B-8E32-CFB895256E2E} = {D223F7E4-2661-4B1B-8E32-CFB895256E2E}
	EndProjectSection
EndProject
Project("{8BC9CEB8-8B4A-11D0-8D11-00A0C91BC942}") = "Physics", "Physics\Physics.vcxproj", "{A75C81D2-613A-4958-A669-A655964419A8}"
	ProjectSection(ProjectDependencies) = postProject
		{EF87AE9B-8651-451D-B8AF-ADCF3F1CEA50} = {EF87AE9B-8651-451D-B8AF-ADCF3F1CEA50}
		{D223F7E4-2661-4B1B-8E32-CFB895256E2E} = {D223F7E4-2661-4B1B-8E32-CFB895256E2E}
	EndProjectSection
EndProject
Project("{8BC9CEB8-8B4A-11D0-8D11-00A0C91BC942}") = "Sample", "Sample\Sample.vcxproj", "{2868A53E-2475-48AF-898B-E2A000EDCC73}"
	ProjectSection(ProjectDependencies) = postProject
		{537EAC39-E4FD-4904-A991-4DF9F55D0763} = {537EAC39-E4FD-4904-A991-4DF9F55D0763}
		{9EBE4E78-21E5-4010-8AE5-55DB84AFC8E2} = {9EBE4E78-21E5-4010-8AE5-55DB84AFC8E2}
		{028C3897-F00D-4265-B059-BC79B022A0A0} = {028C3897-F00D-4265-B059-BC79B022A0A0}
		{EF87AE9B-8651-451D-B8AF-ADCF3F1CEA50} = {EF87AE9B-8651-451D-B8AF-ADCF3F1CEA50}
		{A75C81D2-613A-4958-A669-A655964419A8} = {A75C81D2-613A-4958-A669-A655964419A8}
		{D223F7E4-2661-4B1B-8E32-CFB895256E2E} = {D223F7E4-2661-4B1B-8E32-CFB895256E2E}
	EndProjectSection
EndProject
Project("{8BC9CEB8-8B4A-11D0-8D11-00A0C91BC942}") = "CGStudio", "..\cgstudio\CGStudio\CGStudio.vcxproj", "{9E0AA29D-0D3D-4635-9F5F-B155D380D674}"
	ProjectSection(ProjectDependencies) = postProject
		{537EAC39-E4FD-4904-A991-4DF9F55D0763} = {537EAC39-E4FD-4904-A991-4DF9F55D0763}
		{9EBE4E78-21E5-4010-8AE5-55DB84AFC8E2} = {9EBE4E78-21E5-4010-8AE5-55DB84AFC8E2}
		{028C3897-F00D-4265-B059-BC79B022A0A0} = {028C3897-F00D-4265-B059-BC79B022A0A0}
		{EF87AE9B-8651-451D-B8AF-ADCF3F1CEA50} = {EF87AE9B-8651-451D-B8AF-ADCF3F1CEA50}
		{A75C81D2-613A-4958-A669-A655964419A8} = {A75C81D2-613A-4958-A669-A655964419A8}
		{D223F7E4-2661-4B1B-8E32-CFB895256E2E} = {D223F7E4-2661-4B1B-8E32-CFB895256E2E}
	EndProjectSection
EndProject
Global
	GlobalSection(SolutionConfigurationPlatforms) = preSolution
		Debug|Win32 = Debug|Win32
		Debug|x64 = Debug|x64
		Release|Win32 = Release|Win32
		Release|x64 = Release|x64
	EndGlobalSection
	GlobalSection(ProjectConfigurationPlatforms) = postSolution
		{028C3897-F00D-4265-B059-BC79B022A0A0}.Debug|Win32.ActiveCfg = Debug|Win32
		{028C3897-F00D-4265-B059-BC79B022A0A0}.Debug|Win32.Build.0 = Debug|Win32
		{028C3897-F00D-4265-B059-BC79B022A0A0}.Debug|x64.ActiveCfg = Debug|x64
		{028C3897-F00D-4265-B059-BC79B022A0A0}.Debug|x64.Build.0 = Debug|x64
		{028C3897-F00D-4265-B059-BC79B022A0A0}.Release|Win32.ActiveCfg = Release|Win32
		{028C3897-F00D-4265-B059-BC79B022A0A0}.Release|Win32.Build.0 = Release|Win32
		{028C3897-F00D-4265-B059-BC79B022A0A0}.Release|x64.ActiveCfg = Release|x64
		{028C3897-F00D-4265-B059-BC79B022A0A0}.Release|x64.Build.0 = Release|x64
		{237CD933-92AB-4D20-A554-78F84819FE5D}.Debug|Win32.ActiveCfg = Debug|Win32
		{237CD933-92AB-4D20-A554-78F84819FE5D}.Debug|Win32.Build.0 = Debug|Win32
		{237CD933-92AB-4D20-A554-78F84819FE5D}.Debug|x64.ActiveCfg = Debug|x64
		{237CD933-92AB-4D20-A554-78F84819FE5D}.Debug|x64.Build.0 = Debug|x64
		{237CD933-92AB-4D20-A554-78F84819FE5D}.Release|Win32.ActiveCfg = Release|Win32
		{237CD933-92AB-4D20-A554-78F84819FE5D}.Release|Win32.Build.0 = Release|Win32
		{237CD933-92AB-4D20-A554-78F84819FE5D}.Release|x64.ActiveCfg = Release|x64
		{237CD933-92AB-4D20-A554-78F84819FE5D}.Release|x64.Build.0 = Release|x64
		{E7634880-87E0-4EF1-99FA-E9871BC1B152}.Debug|Win32.ActiveCfg = Debug|Win32
		{E7634880-87E0-4EF1-99FA-E9871BC1B152}.Debug|Win32.Build.0 = Debug|Win32
		{E7634880-87E0-4EF1-99FA-E9871BC1B152}.Debug|x64.ActiveCfg = Debug|x64
		{E7634880-87E0-4EF1-99FA-E9871BC1B152}.Debug|x64.Build.0 = Debug|x64
		{E7634880-87E0-4EF1-99FA-E9871BC1B152}.Release|Win32.ActiveCfg = Release|Win32
		{E7634880-87E0-4EF1-99FA-E9871BC1B152}.Release|Win32.Build.0 = Release|Win32
		{E7634880-87E0-4EF1-99FA-E9871BC1B152}.Release|x64.ActiveCfg = Release|x64
		{E7634880-87E0-4EF1-99FA-E9871BC1B152}.Release|x64.Build.0 = Release|x64
		{6BF13D86-6D76-43D6-B608-943F8E8102D5}.Debug|Win32.ActiveCfg = Debug|Win32
		{6BF13D86-6D76-43D6-B608-943F8E8102D5}.Debug|Win32.Build.0 = Debug|Win32
		{6BF13D86-6D76-43D6-B608-943F8E8102D5}.Debug|x64.ActiveCfg = Debug|x64
		{6BF13D86-6D76-43D6-B608-943F8E8102D5}.Debug|x64.Build.0 = Debug|x64
		{6BF13D86-6D76-43D6-B608-943F8E8102D5}.Release|Win32.ActiveCfg = Release|Win32
		{6BF13D86-6D76-43D6-B608-943F8E8102D5}.Release|Win32.Build.0 = Release|Win32
		{6BF13D86-6D76-43D6-B608-943F8E8102D5}.Release|x64.ActiveCfg = Release|x64
		{6BF13D86-6D76-43D6-B608-943F8E8102D5}.Release|x64.Build.0 = Release|x64
		{9EBE4E78-21E5-4010-8AE5-55DB84AFC8E2}.Debug|Win32.ActiveCfg = Debug|Win32
		{9EBE4E78-21E5-4010-8AE5-55DB84AFC8E2}.Debug|Win32.Build.0 = Debug|Win32
		{9EBE4E78-21E5-4010-8AE5-55DB84AFC8E2}.Debug|x64.ActiveCfg = Debug|x64
		{9EBE4E78-21E5-4010-8AE5-55DB84AFC8E2}.Debug|x64.Build.0 = Debug|x64
		{9EBE4E78-21E5-4010-8AE5-55DB84AFC8E2}.Release|Win32.ActiveCfg = Release|Win32
		{9EBE4E78-21E5-4010-8AE5-55DB84AFC8E2}.Release|Win32.Build.0 = Release|Win32
		{9EBE4E78-21E5-4010-8AE5-55DB84AFC8E2}.Release|x64.ActiveCfg = Release|x64
		{9EBE4E78-21E5-4010-8AE5-55DB84AFC8E2}.Release|x64.Build.0 = Release|x64
		{51436043-10F6-42F3-85BE-F2FEAF480AFA}.Debug|Win32.ActiveCfg = Debug|Win32
		{51436043-10F6-42F3-85BE-F2FEAF480AFA}.Debug|Win32.Build.0 = Debug|Win32
		{51436043-10F6-42F3-85BE-F2FEAF480AFA}.Debug|x64.ActiveCfg = Debug|x64
		{51436043-10F6-42F3-85BE-F2FEAF480AFA}.Debug|x64.Build.0 = Debug|x64
		{51436043-10F6-42F3-85BE-F2FEAF480AFA}.Release|Win32.ActiveCfg = Release|Win32
		{51436043-10F6-42F3-85BE-F2FEAF480AFA}.Release|Win32.Build.0 = Release|Win32
		{51436043-10F6-42F3-85BE-F2FEAF480AFA}.Release|x64.ActiveCfg = Release|x64
		{51436043-10F6-42F3-85BE-F2FEAF480AFA}.Release|x64.Build.0 = Release|x64
		{537EAC39-E4FD-4904-A991-4DF9F55D0763}.Debug|Win32.ActiveCfg = Debug|Win32
		{537EAC39-E4FD-4904-A991-4DF9F55D0763}.Debug|Win32.Build.0 = Debug|Win32
		{537EAC39-E4FD-4904-A991-4DF9F55D0763}.Debug|x64.ActiveCfg = Debug|x64
		{537EAC39-E4FD-4904-A991-4DF9F55D0763}.Debug|x64.Build.0 = Debug|x64
		{537EAC39-E4FD-4904-A991-4DF9F55D0763}.Release|Win32.ActiveCfg = Release|Win32
		{537EAC39-E4FD-4904-A991-4DF9F55D0763}.Release|Win32.Build.0 = Release|Win32
		{537EAC39-E4FD-4904-A991-4DF9F55D0763}.Release|x64.ActiveCfg = Release|x64
		{537EAC39-E4FD-4904-A991-4DF9F55D0763}.Release|x64.Build.0 = Release|x64
		{EF87AE9B-8651-451D-B8AF-ADCF3F1CEA50}.Debug|Win32.ActiveCfg = Debug|Win32
		{EF87AE9B-8651-451D-B8AF-ADCF3F1CEA50}.Debug|Win32.Build.0 = Debug|Win32
		{EF87AE9B-8651-451D-B8AF-ADCF3F1CEA50}.Debug|x64.ActiveCfg = Debug|x64
		{EF87AE9B-8651-451D-B8AF-ADCF3F1CEA50}.Debug|x64.Build.0 = Debug|x64
		{EF87AE9B-8651-451D-B8AF-ADCF3F1CEA50}.Release|Win32.ActiveCfg = Release|Win32
		{EF87AE9B-8651-451D-B8AF-ADCF3F1CEA50}.Release|Win32.Build.0 = Release|Win32
		{EF87AE9B-8651-451D-B8AF-ADCF3F1CEA50}.Release|x64.ActiveCfg = Release|x64
		{EF87AE9B-8651-451D-B8AF-ADCF3F1CEA50}.Release|x64.Build.0 = Release|x64
		{D223F7E4-2661-4B1B-8E32-CFB895256E2E}.Debug|Win32.ActiveCfg = Debug|Win32
		{D223F7E4-2661-4B1B-8E32-CFB895256E2E}.Debug|Win32.Build.0 = Debug|Win32
		{D223F7E4-2661-4B1B-8E32-CFB895256E2E}.Debug|x64.ActiveCfg = Debug|x64
		{D223F7E4-2661-4B1B-8E32-CFB895256E2E}.Debug|x64.Build.0 = Debug|x64
		{D223F7E4-2661-4B1B-8E32-CFB895256E2E}.Release|Win32.ActiveCfg = Release|Win32
		{D223F7E4-2661-4B1B-8E32-CFB895256E2E}.Release|Win32.Build.0 = Release|Win32
		{D223F7E4-2661-4B1B-8E32-CFB895256E2E}.Release|x64.ActiveCfg = Release|x64
		{D223F7E4-2661-4B1B-8E32-CFB895256E2E}.Release|x64.Build.0 = Release|x64
		{9414E182-179E-4CF4-8574-BD4DF1781602}.Debug|Win32.ActiveCfg = Debug|Win32
		{9414E182-179E-4CF4-8574-BD4DF1781602}.Debug|Win32.Build.0 = Debug|Win32
		{9414E182-179E-4CF4-8574-BD4DF1781602}.Debug|x64.ActiveCfg = Debug|x64
		{9414E182-179E-4CF4-8574-BD4DF1781602}.Debug|x64.Build.0 = Debug|x64
		{9414E182-179E-4CF4-8574-BD4DF1781602}.Release|Win32.ActiveCfg = Release|Win32
		{9414E182-179E-4CF4-8574-BD4DF1781602}.Release|Win32.Build.0 = Release|Win32
		{9414E182-179E-4CF4-8574-BD4DF1781602}.Release|x64.ActiveCfg = Release|x64
		{9414E182-179E-4CF4-8574-BD4DF1781602}.Release|x64.Build.0 = Release|x64
		{A75C81D2-613A-4958-A669-A655964419A8}.Debug|Win32.ActiveCfg = Debug|Win32
		{A75C81D2-613A-4958-A669-A655964419A8}.Debug|Win32.Build.0 = Debug|Win32
		{A75C81D2-613A-4958-A669-A655964419A8}.Debug|x64.ActiveCfg = Debug|x64
		{A75C81D2-613A-4958-A669-A655964419A8}.Debug|x64.Build.0 = Debug|x64
		{A75C81D2-613A-4958-A669-A655964419A8}.Release|Win32.ActiveCfg = Release|Win32
		{A75C81D2-613A-4958-A669-A655964419A8}.Release|Win32.Build.0 = Release|Win32
		{A75C81D2-613A-4958-A669-A655964419A8}.Release|x64.ActiveCfg = Release|x64
		{A75C81D2-613A-4958-A669-A655964419A8}.Release|x64.Build.0 = Release|x64
		{2868A53E-2475-48AF-898B-E2A000EDCC73}.Debug|Win32.ActiveCfg = Debug|Win32
		{2868A53E-2475-48AF-898B-E2A000EDCC73}.Debug|Win32.Build.0 = Debug|Win32
		{2868A53E-2475-48AF-898B-E2A000EDCC73}.Debug|x64.ActiveCfg = Debug|x64
		{2868A53E-2475-48AF-898B-E2A000EDCC73}.Debug|x64.Build.0 = Debug|x64
		{2868A53E-2475-48AF-898B-E2A000EDCC73}.Release|Win32.ActiveCfg = Release|Win32
		{2868A53E-2475-48AF-898B-E2A000EDCC73}.Release|Win32.Build.0 = Release|Win32
		{2868A53E-2475-48AF-898B-E2A000EDCC73}.Release|x64.ActiveCfg = Release|x64
		{2868A53E-2475-48AF-898B-E2A000EDCC73}.Release|x64.Build.0 = Release|x64
		{9E0AA29D-0D3D-4635-9F5F-B155D380D674}.Debug|Win32.ActiveCfg = Debug|Win32
		{9E0AA29D-0D3D-4635-9F5F-B155D380D674}.Debug|Win32.Build.0 = Debug|Win32
		{9E0AA29D-0D3D-4635-9F5F-B155D380D674}.Debug|x64.ActiveCfg = Debug|x64
		{9E0AA29D-0D3D-4635-9F5F-B155D380D674}.Debug|x64.Build.0 = Debug|x64
		{9E0AA29D-0D3D-4635-9F5F-B155D380D674}.Release|Win32.ActiveCfg = Release|Win32
		{9E0AA29D-0D3D-4635-9F5F-B155D380D674}.Release|Win32.Build.0 = Release|Win32
		{9E0AA29D-0D3D-4635-9F5F-B155D380D674}.Release|x64.ActiveCfg = Release|x64
		{9E0AA29D-0D3D-4635-9F5F-B155D380D674}.Release|x64.Build.0 = Release|x64
	EndGlobalSection
	GlobalSection(SolutionProperties) = preSolution
		HideSolutionNode = FALSE
	EndGlobalSection
EndGlobal
