<?xml version="1.0" encoding="utf-8"?>
<Project ToolsVersion="4.0" xmlns="http://schemas.microsoft.com/developer/msbuild/2003">
  <ItemGroup>
    <ClCompile Include="DXFFile.cpp" />
    <ClCompile Include="PLYFile.cpp" />
    <ClCompile Include="POVFile.cpp" />
    <ClCompile Include="OBJFile.cpp">
      <Filter>OBJ</Filter>
    </ClCompile>
    <ClCompile Include="MTLFile.cpp">
      <Filter>OBJ</Filter>
    </ClCompile>
    <ClCompile Include="File.cpp" />
    <ClCompile Include="PMDFile.cpp">
      <Filter>PMD</Filter>
    </ClCompile>
    <ClCompile Include="VMDFile.cpp">
      <Filter>PMD</Filter>
    </ClCompile>
    <ClCompile Include="PMMFile.cpp">
      <Filter>PMD</Filter>
    </ClCompile>
    <ClCompile Include="CGAFile.cpp">
      <Filter>CGS</Filter>
    </ClCompile>
    <ClCompile Include="stdafx.cpp" />
    <ClCompile Include="STLFile.cpp">
      <Filter>STL</Filter>
    </ClCompile>
    <ClCompile Include="STLCell.cpp">
      <Filter>STL</Filter>
    </ClCompile>
  </ItemGroup>
  <ItemGroup>
    <ClInclude Include="DXFFile.h" />
    <ClInclude Include="Helper.h" />
    <ClInclude Include="PLYFile.h" />
    <ClInclude Include="POVFile.h" />
    <ClInclude Include="OBJFile.h">
      <Filter>OBJ</Filter>
    </ClInclude>
    <ClInclude Include="MTLFile.h">
      <Filter>OBJ</Filter>
    </ClInclude>
    <ClInclude Include="File.h" />
    <ClInclude Include="PMDFile.h">
      <Filter>PMD</Filter>
    </ClInclude>
    <ClInclude Include="PMMFile.h">
      <Filter>PMD</Filter>
    </ClInclude>
    <ClInclude Include="VMDFile.h">
      <Filter>PMD</Filter>
    </ClInclude>
    <ClInclude Include="CGAFile.h">
      <Filter>CGS</Filter>
    </ClInclude>
    <ClInclude Include="IO.h" />
    <ClInclude Include="stdafx.h" />
    <ClInclude Include="STLFile.h">
      <Filter>STL</Filter>
    </ClInclude>
    <ClInclude Include="STLCell.h">
      <Filter>STL</Filter>
    </ClInclude>
  </ItemGroup>
  <ItemGroup>
    <Filter Include="OBJ">
      <UniqueIdentifier>{373cd79a-5a11-480b-804c-8986aeaa8151}</UniqueIdentifier>
    </Filter>
    <Filter Include="PMD">
      <UniqueIdentifier>{aa486025-c212-4916-846d-6e997c62db30}</UniqueIdentifier>
    </Filter>
    <Filter Include="CGS">
      <UniqueIdentifier>{b8c42dc3-48a0-4dc1-ab34-fd651be4e79c}</UniqueIdentifier>
    </Filter>
    <Filter Include="STL">
      <UniqueIdentifier>{0754abb1-79bb-4cb8-9a82-a58a7226a5b1}</UniqueIdentifier>
    </Filter>
  </ItemGroup>
</Project>