<?xml version="1.0" encoding="utf-8"?>
<Project ToolsVersion="4.0" xmlns="http://schemas.microsoft.com/developer/msbuild/2003">
  <ItemGroup>
    <ClCompile Include="Line3d.cpp" />
    <ClCompile Include="Plane3d.cpp" />
    <ClCompile Include="Quaternion.cpp" />
    <ClCompile Include="Space2d.cpp" />
    <ClCompile Include="Space3d.cpp" />
    <ClCompile Include="Box3d.cpp">
      <Filter>Primitive3d</Filter>
    </ClCompile>
    <ClCompile Include="Cone.cpp">
      <Filter>Primitive3d</Filter>
    </ClCompile>
    <ClCompile Include="Sphere.cpp">
      <Filter>Primitive3d</Filter>
    </ClCompile>
    <ClCompile Include="Cylinder.cpp">
      <Filter>Primitive3d</Filter>
    </ClCompile>
    <ClCompile Include="Ellipsoid.cpp">
      <Filter>Primitive3d</Filter>
    </ClCompile>
    <ClCompile Include="Angle.cpp">
      <Filter>Angle</Filter>
    </ClCompile>
    <ClCompile Include="Degree.cpp">
      <Filter>Angle</Filter>
    </ClCompile>
    <ClCompile Include="Radian.cpp">
      <Filter>Angle</Filter>
    </ClCompile>
    <ClCompile Include="Vector.cpp">
      <Filter>Vector</Filter>
    </ClCompile>
    <ClCompile Include="Vector2d.cpp">
      <Filter>Vector</Filter>
    </ClCompile>
    <ClCompile Include="Vector3d.cpp">
      <Filter>Vector</Filter>
    </ClCompile>
    <ClCompile Include="Vector4d.cpp">
      <Filter>Vector</Filter>
    </ClCompile>
    <ClCompile Include="Matrix.cpp">
      <Filter>Matrix</Filter>
    </ClCompile>
    <ClCompile Include="Matrix2d.cpp">
      <Filter>Matrix</Filter>
    </ClCompile>
    <ClCompile Include="Matrix3d.cpp">
      <Filter>Matrix</Filter>
    </ClCompile>
    <ClCompile Include="Matrix4d.cpp">
      <Filter>Matrix</Filter>
    </ClCompile>
    <ClCompile Include="Param.cpp">
      <Filter>Parameter</Filter>
    </ClCompile>
    <ClCompile Include="AngleParam.cpp">
      <Filter>Parameter</Filter>
    </ClCompile>
    <ClCompile Include="Curve3d.cpp">
      <Filter>Curve</Filter>
    </ClCompile>
    <ClCompile Include="Grid1d.cpp">
      <Filter>Grid</Filter>
    </ClCompile>
    <ClCompile Include="Grid2d.cpp">
      <Filter>Grid</Filter>
    </ClCompile>
    <ClCompile Include="Grid3d.cpp">
      <Filter>Grid</Filter>
    </ClCompile>
    <ClCompile Include="Kernel.cpp">
      <Filter>Kernel</Filter>
    </ClCompile>
    <ClCompile Include="SPHKernel.cpp">
      <Filter>Kernel</Filter>
    </ClCompile>
    <ClCompile Include="PolarCoord3d.cpp" />
    <ClCompile Include="Box2d.cpp">
      <Filter>Primitive2d</Filter>
    </ClCompile>
    <ClCompile Include="Circle3d.cpp">
      <Filter>Primitive3d</Filter>
    </ClCompile>
    <ClCompile Include="Circle2d.cpp">
      <Filter>Primitive2d</Filter>
    </ClCompile>
    <ClCompile Include="Curve2d.cpp">
      <Filter>Curve</Filter>
    </ClCompile>
    <ClCompile Include="Point2d.cpp">
      <Filter>Curve</Filter>
    </ClCompile>
    <ClCompile Include="Point3d.cpp">
      <Filter>Curve</Filter>
    </ClCompile>
    <ClCompile Include="Quad.cpp">
      <Filter>Primitive3d</Filter>
    </ClCompile>
    <ClCompile Include="Quad2d.cpp">
      <Filter>Primitive2d</Filter>
    </ClCompile>
    <ClCompile Include="CircularCurve3d.cpp">
      <Filter>Curve</Filter>
    </ClCompile>
    <ClCompile Include="Ellipse.cpp">
      <Filter>Primitive2d</Filter>
    </ClCompile>
    <ClCompile Include="Cylindroid.cpp">
      <Filter>Primitive3d</Filter>
    </ClCompile>
    <ClCompile Include="Ray3d.cpp" />
    <ClCompile Include="Triangle3d.cpp" />
    <ClCompile Include="TriangleCurve3d.cpp" />
  </ItemGroup>
  <ItemGroup>
    <ClInclude Include="Line3d.h" />
    <ClInclude Include="Plane3d.h" />
    <ClInclude Include="Quaternion.h" />
    <ClInclude Include="Space2d.h" />
    <ClInclude Include="Space3d.h" />
    <ClInclude Include="Tolerance.h" />
    <ClInclude Include="Box3d.h">
      <Filter>Primitive3d</Filter>
    </ClInclude>
    <ClInclude Include="Cone.h">
      <Filter>Primitive3d</Filter>
    </ClInclude>
    <ClInclude Include="Sphere.h">
      <Filter>Primitive3d</Filter>
    </ClInclude>
    <ClInclude Include="Cylinder.h">
      <Filter>Primitive3d</Filter>
    </ClInclude>
    <ClInclude Include="Ellipsoid.h">
      <Filter>Primitive3d</Filter>
    </ClInclude>
    <ClInclude Include="Angle.h">
      <Filter>Angle</Filter>
    </ClInclude>
    <ClInclude Include="Degree.h">
      <Filter>Angle</Filter>
    </ClInclude>
    <ClInclude Include="Radian.h">
      <Filter>Angle</Filter>
    </ClInclude>
    <ClInclude Include="Vector.h">
      <Filter>Vector</Filter>
    </ClInclude>
    <ClInclude Include="Vector2d.h">
      <Filter>Vector</Filter>
    </ClInclude>
    <ClInclude Include="Vector3d.h">
      <Filter>Vector</Filter>
    </ClInclude>
    <ClInclude Include="Vector4d.h">
      <Filter>Vector</Filter>
    </ClInclude>
    <ClInclude Include="Matrix.h">
      <Filter>Matrix</Filter>
    </ClInclude>
    <ClInclude Include="Matrix2d.h">
      <Filter>Matrix</Filter>
    </ClInclude>
    <ClInclude Include="Matrix3d.h">
      <Filter>Matrix</Filter>
    </ClInclude>
    <ClInclude Include="Matrix4d.h">
      <Filter>Matrix</Filter>
    </ClInclude>
    <ClInclude Include="Param.h">
      <Filter>Parameter</Filter>
    </ClInclude>
    <ClInclude Include="AngleParam.h">
      <Filter>Parameter</Filter>
    </ClInclude>
    <ClInclude Include="Curve3d.h">
      <Filter>Curve</Filter>
    </ClInclude>
    <ClInclude Include="Index3d.h">
      <Filter>Index</Filter>
    </ClInclude>
    <ClInclude Include="Index2d.h">
      <Filter>Index</Filter>
    </ClInclude>
    <ClInclude Include="Grid1d.h">
      <Filter>Grid</Filter>
    </ClInclude>
    <ClInclude Include="Grid2d.h">
      <Filter>Grid</Filter>
    </ClInclude>
    <ClInclude Include="Grid3d.h">
      <Filter>Grid</Filter>
    </ClInclude>
    <ClInclude Include="Kernel.h">
      <Filter>Kernel</Filter>
    </ClInclude>
    <ClInclude Include="SPHKernel.h">
      <Filter>Kernel</Filter>
    </ClInclude>
    <ClInclude Include="PolarCoord3d.h" />
    <ClInclude Include="Box2d.h">
      <Filter>Primitive2d</Filter>
    </ClInclude>
    <ClInclude Include="Circle3d.h">
      <Filter>Primitive3d</Filter>
    </ClInclude>
    <ClInclude Include="Circle2d.h">
      <Filter>Primitive2d</Filter>
    </ClInclude>
    <ClInclude Include="Curve2d.h">
      <Filter>Curve</Filter>
    </ClInclude>
    <ClInclude Include="Point2d.h">
      <Filter>Curve</Filter>
    </ClInclude>
    <ClInclude Include="Point3d.h">
      <Filter>Curve</Filter>
    </ClInclude>
    <ClInclude Include="Quad.h">
      <Filter>Primitive3d</Filter>
    </ClInclude>
    <ClInclude Include="Quad2d.h">
      <Filter>Primitive2d</Filter>
    </ClInclude>
    <ClInclude Include="CircularCurve3d.h">
      <Filter>Curve</Filter>
    </ClInclude>
    <ClInclude Include="Cylindroid.h">
      <Filter>Primitive3d</Filter>
    </ClInclude>
    <ClInclude Include="Ellipse.h">
      <Filter>Primitive2d</Filter>
    </ClInclude>
    <ClInclude Include="Math.h" />
    <ClInclude Include="Ray3d.h" />
    <ClInclude Include="Triangle3d.h" />
    <ClInclude Include="IPrimitive3d.h">
      <Filter>Primitive3d</Filter>
    </ClInclude>
    <ClInclude Include="TriangleCurve3d.h">
      <Filter>Curve</Filter>
    </ClInclude>
  </ItemGroup>
  <ItemGroup>
    <Filter Include="Primitive3d">
      <UniqueIdentifier>{6175cf8a-fa30-40b3-85a5-a1883a2e303e}</UniqueIdentifier>
    </Filter>
    <Filter Include="Angle">
      <UniqueIdentifier>{8738b880-7378-4faa-ade0-b2ad5e179e86}</UniqueIdentifier>
    </Filter>
    <Filter Include="Vector">
      <UniqueIdentifier>{f0cbfdec-2db4-4101-be20-22fac042b48e}</UniqueIdentifier>
    </Filter>
    <Filter Include="Matrix">
      <UniqueIdentifier>{1feb1578-058b-473f-9c35-961ab95646d3}</UniqueIdentifier>
    </Filter>
    <Filter Include="Parameter">
      <UniqueIdentifier>{5430b555-4ece-4353-affe-585eab30d123}</UniqueIdentifier>
    </Filter>
    <Filter Include="Curve">
      <UniqueIdentifier>{f95e12e6-7afb-45ab-9ebd-515a02bd39e4}</UniqueIdentifier>
    </Filter>
    <Filter Include="Index">
      <UniqueIdentifier>{8c43ae05-1828-46e7-8678-d41a9834a2f9}</UniqueIdentifier>
    </Filter>
    <Filter Include="Grid">
      <UniqueIdentifier>{1170d314-44a6-475d-8b57-66d5b5d631d1}</UniqueIdentifier>
    </Filter>
    <Filter Include="Kernel">
      <UniqueIdentifier>{7d6f43af-3ba5-4b6b-845b-da3a0ed7b36c}</UniqueIdentifier>
    </Filter>
    <Filter Include="Primitive2d">
      <UniqueIdentifier>{3b901df7-b979-4498-a6dc-b214262fe88a}</UniqueIdentifier>
    </Filter>
  </ItemGroup>
</Project>