<?xml version="1.0" encoding="utf-8"?>
<Project ToolsVersion="4.0" xmlns="http://schemas.microsoft.com/developer/msbuild/2003">
  <ItemGroup>
    <ClCompile Include="MarchingCubeTable.cpp" />
    <ClCompile Include="OctTree.cpp" />
    <ClCompile Include="SpaceHash.cpp" />
    <ClCompile Include="Actor.cpp">
      <Filter>Actor</Filter>
    </ClCompile>
    <ClCompile Include="Bone.cpp">
      <Filter>Actor</Filter>
    </ClCompile>
    <ClCompile Include="BoneTree.cpp">
      <Filter>Actor</Filter>
    </ClCompile>
    <ClCompile Include="VolumeCell.cpp">
      <Filter>Volume</Filter>
    </ClCompile>
    <ClCompile Include="VolumeNode.cpp">
      <Filter>Volume</Filter>
    </ClCompile>
    <ClCompile Include="Joint.cpp">
      <Filter>Actor</Filter>
    </ClCompile>
    <ClCompile Include="PolygonMesh.cpp">
      <Filter>PolygonMesh</Filter>
    </ClCompile>
    <ClCompile Include="Vertex.cpp">
      <Filter>PolygonMesh</Filter>
    </ClCompile>
    <ClCompile Include="Volume.cpp">
      <Filter>Volume</Filter>
    </ClCompile>
    <ClCompile Include="Particle.cpp">
      <Filter>Particle</Filter>
    </ClCompile>
    <ClCompile Include="AnisotoropicParticle.cpp">
      <Filter>Particle</Filter>
    </ClCompile>
    <ClCompile Include="ParticleObject.cpp">
      <Filter>Particle</Filter>
    </ClCompile>
    <ClCompile Include="TriFace.cpp">
      <Filter>PolygonMesh</Filter>
    </ClCompile>
    <ClCompile Include="Surface.cpp">
      <Filter>Graph</Filter>
    </ClCompile>
    <ClCompile Include="Edge.cpp">
      <Filter>Graph</Filter>
    </ClCompile>
    <ClCompile Include="Face.cpp">
      <Filter>Graph</Filter>
    </ClCompile>
    <ClCompile Include="stdafx.cpp" />
    <ClCompile Include="NodeGrid.cpp">
      <Filter>Graph</Filter>
    </ClCompile>
    <ClCompile Include="Arrow.cpp">
      <Filter>Glyph</Filter>
    </ClCompile>
    <ClCompile Include="CircleArrow.cpp">
      <Filter>Glyph</Filter>
    </ClCompile>
    <ClCompile Include="NodeCollection.cpp">
      <Filter>Collection</Filter>
    </ClCompile>
    <ClCompile Include="FaceCollection.cpp">
      <Filter>Collection</Filter>
    </ClCompile>
    <ClCompile Include="EdgeCollection.cpp">
      <Filter>Collection</Filter>
    </ClCompile>
    <ClCompile Include="SurfaceFactory.cpp">
      <Filter>Collection</Filter>
    </ClCompile>
    <ClCompile Include="SmoothingAlgo.cpp">
      <Filter>Graph\Algo</Filter>
    </ClCompile>
    <ClCompile Include="SurfaceSplittingAlgo.cpp">
      <Filter>Graph\Algo</Filter>
    </ClCompile>
    <ClCompile Include="BooleanAlgo.cpp">
      <Filter>Graph\Algo</Filter>
    </ClCompile>
    <ClCompile Include="IParticle.cpp">
      <Filter>Particle</Filter>
    </ClCompile>
    <ClCompile Include="SimplificationAlgo.cpp">
      <Filter>Graph\Algo</Filter>
    </ClCompile>
    <ClCompile Include="SurfaceRemoveAlgo.cpp">
      <Filter>Graph\Algo</Filter>
    </ClCompile>
    <ClCompile Include="ReductionAlgo.cpp">
      <Filter>Graph\Algo</Filter>
    </ClCompile>
  </ItemGroup>
  <ItemGroup>
    <ClInclude Include="CGModel.h" />
    <ClInclude Include="CGWorld.h" />
    <ClInclude Include="MarchingCubeTable.h" />
    <ClInclude Include="OctTree.h" />
    <ClInclude Include="SpaceHash.h" />
    <ClInclude Include="Actor.h">
      <Filter>Actor</Filter>
    </ClInclude>
    <ClInclude Include="Bone.h">
      <Filter>Actor</Filter>
    </ClInclude>
    <ClInclude Include="BoneTree.h">
      <Filter>Actor</Filter>
    </ClInclude>
    <ClInclude Include="VolumeCell.h">
      <Filter>Volume</Filter>
    </ClInclude>
    <ClInclude Include="VolumeNode.h">
      <Filter>Volume</Filter>
    </ClInclude>
    <ClInclude Include="Joint.h">
      <Filter>Actor</Filter>
    </ClInclude>
    <ClInclude Include="PolygonMesh.h">
      <Filter>PolygonMesh</Filter>
    </ClInclude>
    <ClInclude Include="Vertex.h">
      <Filter>PolygonMesh</Filter>
    </ClInclude>
    <ClInclude Include="Volume.h">
      <Filter>Volume</Filter>
    </ClInclude>
    <ClInclude Include="Particle.h">
      <Filter>Particle</Filter>
    </ClInclude>
    <ClInclude Include="AnisotoropicParticle.h">
      <Filter>Particle</Filter>
    </ClInclude>
    <ClInclude Include="IParticle.h">
      <Filter>Particle</Filter>
    </ClInclude>
    <ClInclude Include="ParticleObject.h">
      <Filter>Particle</Filter>
    </ClInclude>
    <ClInclude Include="Edge.h">
      <Filter>Graph</Filter>
    </ClInclude>
    <ClInclude Include="TriFace.h">
      <Filter>PolygonMesh</Filter>
    </ClInclude>
    <ClInclude Include="Face.h">
      <Filter>Graph</Filter>
    </ClInclude>
    <ClInclude Include="Core.h" />
    <ClInclude Include="stdafx.h" />
    <ClInclude Include="NodeGrid.h">
      <Filter>Graph</Filter>
    </ClInclude>
    <ClInclude Include="Arrow.h">
      <Filter>Glyph</Filter>
    </ClInclude>
    <ClInclude Include="CircleArrow.h">
      <Filter>Glyph</Filter>
    </ClInclude>
    <ClInclude Include="UID.h" />
    <ClInclude Include="TriangleCell.h">
      <Filter>Graph</Filter>
    </ClInclude>
    <ClInclude Include="NodeCollection.h">
      <Filter>Collection</Filter>
    </ClInclude>
    <ClInclude Include="FaceCollection.h">
      <Filter>Collection</Filter>
    </ClInclude>
    <ClInclude Include="EdgeCollection.h">
      <Filter>Collection</Filter>
    </ClInclude>
    <ClInclude Include="Surface.h">
      <Filter>Graph</Filter>
    </ClInclude>
    <ClInclude Include="SurfaceFactory.h">
      <Filter>Collection</Filter>
    </ClInclude>
    <ClInclude Include="SmoothingAlgo.h">
      <Filter>Graph\Algo</Filter>
    </ClInclude>
    <ClInclude Include="SurfaceSplittingAlgo.h">
      <Filter>Graph\Algo</Filter>
    </ClInclude>
    <ClInclude Include="BooleanAlgo.h">
      <Filter>Graph\Algo</Filter>
    </ClInclude>
    <ClInclude Include="SimplificationAlgo.h">
      <Filter>Graph\Algo</Filter>
    </ClInclude>
    <ClInclude Include="SurfaceRemoveAlgo.h">
      <Filter>Graph\Algo</Filter>
    </ClInclude>
    <ClInclude Include="ReductionAlgo.h">
      <Filter>Graph\Algo</Filter>
    </ClInclude>
  </ItemGroup>
  <ItemGroup>
    <Filter Include="Actor">
      <UniqueIdentifier>{fa01b145-ee61-4e5a-964e-12d6461bbbc1}</UniqueIdentifier>
    </Filter>
    <Filter Include="Volume">
      <UniqueIdentifier>{766bc7cf-55b5-42df-9f32-3d780a9269e7}</UniqueIdentifier>
    </Filter>
    <Filter Include="PolygonMesh">
      <UniqueIdentifier>{faef21cc-daac-4e23-9b00-4756b8033c83}</UniqueIdentifier>
    </Filter>
    <Filter Include="Particle">
      <UniqueIdentifier>{2aab52e0-62b7-4d8f-970b-4b61c2cd08a3}</UniqueIdentifier>
    </Filter>
    <Filter Include="Graph">
      <UniqueIdentifier>{da07c0d0-f6ed-466d-b7ed-996156b254de}</UniqueIdentifier>
    </Filter>
    <Filter Include="Glyph">
      <UniqueIdentifier>{9656ea0d-de33-4f1c-9d3a-0a995397ce8a}</UniqueIdentifier>
    </Filter>
    <Filter Include="Collection">
      <UniqueIdentifier>{af6e26f3-c339-41c6-ad9d-4142e254d3fd}</UniqueIdentifier>
    </Filter>
    <Filter Include="Graph\Algo">
      <UniqueIdentifier>{fde1cded-4891-468e-839d-54ad09499dd5}</UniqueIdentifier>
    </Filter>
  </ItemGroup>
</Project>