<?xml version="1.0" encoding="utf-8"?>
<Project ToolsVersion="4.0" xmlns="http://schemas.microsoft.com/developer/msbuild/2003">
  <ItemGroup>
    <ClCompile Include="MarchingCubeTable.cpp" />
    <ClCompile Include="Actor.cpp">
      <Filter>Actor</Filter>
    </ClCompile>
    <ClCompile Include="Bone.cpp">
      <Filter>Actor</Filter>
    </ClCompile>
    <ClCompile Include="BoneTree.cpp">
      <Filter>Actor</Filter>
    </ClCompile>
    <ClCompile Include="VolumeCell.cpp">
      <Filter>Volume</Filter>
    </ClCompile>
    <ClCompile Include="VolumeNode.cpp">
      <Filter>Volume</Filter>
    </ClCompile>
    <ClCompile Include="Joint.cpp">
      <Filter>Actor</Filter>
    </ClCompile>
    <ClCompile Include="PolygonMesh.cpp">
      <Filter>PolygonMesh</Filter>
    </ClCompile>
    <ClCompile Include="Vertex.cpp">
      <Filter>PolygonMesh</Filter>
    </ClCompile>
    <ClCompile Include="Volume.cpp">
      <Filter>Volume</Filter>
    </ClCompile>
    <ClCompile Include="Particle.cpp">
      <Filter>Particle</Filter>
    </ClCompile>
    <ClCompile Include="AnisotoropicParticle.cpp">
      <Filter>Particle</Filter>
    </ClCompile>
    <ClCompile Include="ParticleObject.cpp">
      <Filter>Particle</Filter>
    </ClCompile>
    <ClCompile Include="stdafx.cpp" />
    <ClCompile Include="NodeGrid.cpp">
      <Filter>Graph</Filter>
    </ClCompile>
    <ClCompile Include="IParticle.cpp">
      <Filter>Particle</Filter>
    </ClCompile>
    <ClCompile Include="Face.cpp">
      <Filter>PolygonMesh</Filter>
    </ClCompile>
    <ClCompile Include="Edge.cpp">
      <Filter>PolygonMesh</Filter>
    </ClCompile>
    <ClCompile Include="VertexCollection.cpp">
      <Filter>PolygonMesh</Filter>
    </ClCompile>
    <ClCompile Include="FaceCollection.cpp">
      <Filter>PolygonMesh</Filter>
    </ClCompile>
    <ClCompile Include="PolygonFactory.cpp">
      <Filter>PolygonMesh</Filter>
    </ClCompile>
    <ClCompile Include="EdgeCollection.cpp">
      <Filter>PolygonMesh</Filter>
    </ClCompile>
    <ClCompile Include="PolygonBuilder.cpp">
      <Filter>PolygonMesh</Filter>
    </ClCompile>
    <ClCompile Include="SpaceHash.cpp">
      <Filter>Space</Filter>
    </ClCompile>
    <ClCompile Include="OctTree.cpp">
      <Filter>Space</Filter>
    </ClCompile>
    <ClCompile Include="ISpaceHash.cpp">
      <Filter>Space</Filter>
    </ClCompile>
  </ItemGroup>
  <ItemGroup>
    <ClInclude Include="CGModel.h" />
    <ClInclude Include="CGWorld.h" />
    <ClInclude Include="MarchingCubeTable.h" />
    <ClInclude Include="Actor.h">
      <Filter>Actor</Filter>
    </ClInclude>
    <ClInclude Include="Bone.h">
      <Filter>Actor</Filter>
    </ClInclude>
    <ClInclude Include="BoneTree.h">
      <Filter>Actor</Filter>
    </ClInclude>
    <ClInclude Include="VolumeCell.h">
      <Filter>Volume</Filter>
    </ClInclude>
    <ClInclude Include="VolumeNode.h">
      <Filter>Volume</Filter>
    </ClInclude>
    <ClInclude Include="Joint.h">
      <Filter>Actor</Filter>
    </ClInclude>
    <ClInclude Include="PolygonMesh.h">
      <Filter>PolygonMesh</Filter>
    </ClInclude>
    <ClInclude Include="Vertex.h">
      <Filter>PolygonMesh</Filter>
    </ClInclude>
    <ClInclude Include="Volume.h">
      <Filter>Volume</Filter>
    </ClInclude>
    <ClInclude Include="Particle.h">
      <Filter>Particle</Filter>
    </ClInclude>
    <ClInclude Include="AnisotoropicParticle.h">
      <Filter>Particle</Filter>
    </ClInclude>
    <ClInclude Include="IParticle.h">
      <Filter>Particle</Filter>
    </ClInclude>
    <ClInclude Include="ParticleObject.h">
      <Filter>Particle</Filter>
    </ClInclude>
    <ClInclude Include="Core.h" />
    <ClInclude Include="stdafx.h" />
    <ClInclude Include="NodeGrid.h">
      <Filter>Graph</Filter>
    </ClInclude>
    <ClInclude Include="UID.h" />
    <ClInclude Include="TriangleCell.h">
      <Filter>Graph</Filter>
    </ClInclude>
    <ClInclude Include="PolygonFactory.h">
      <Filter>PolygonMesh</Filter>
    </ClInclude>
    <ClInclude Include="Face.h">
      <Filter>PolygonMesh</Filter>
    </ClInclude>
    <ClInclude Include="Edge.h">
      <Filter>PolygonMesh</Filter>
    </ClInclude>
    <ClInclude Include="VertexCollection.h">
      <Filter>PolygonMesh</Filter>
    </ClInclude>
    <ClInclude Include="FaceCollection.h">
      <Filter>PolygonMesh</Filter>
    </ClInclude>
    <ClInclude Include="EdgeCollection.h">
      <Filter>PolygonMesh</Filter>
    </ClInclude>
    <ClInclude Include="PolygonBuilder.h">
      <Filter>PolygonMesh</Filter>
    </ClInclude>
    <ClInclude Include="SpaceHash.h">
      <Filter>Space</Filter>
    </ClInclude>
    <ClInclude Include="OctTree.h">
      <Filter>Space</Filter>
    </ClInclude>
    <ClInclude Include="ISpaceHash.h">
      <Filter>Space</Filter>
    </ClInclude>
    <ClInclude Include="FaceBuilder.h">
      <Filter>PolygonMesh</Filter>
    </ClInclude>
  </ItemGroup>
  <ItemGroup>
    <Filter Include="Actor">
      <UniqueIdentifier>{fa01b145-ee61-4e5a-964e-12d6461bbbc1}</UniqueIdentifier>
    </Filter>
    <Filter Include="Volume">
      <UniqueIdentifier>{766bc7cf-55b5-42df-9f32-3d780a9269e7}</UniqueIdentifier>
    </Filter>
    <Filter Include="PolygonMesh">
      <UniqueIdentifier>{faef21cc-daac-4e23-9b00-4756b8033c83}</UniqueIdentifier>
    </Filter>
    <Filter Include="Particle">
      <UniqueIdentifier>{2aab52e0-62b7-4d8f-970b-4b61c2cd08a3}</UniqueIdentifier>
    </Filter>
    <Filter Include="Graph">
      <UniqueIdentifier>{da07c0d0-f6ed-466d-b7ed-996156b254de}</UniqueIdentifier>
    </Filter>
    <Filter Include="Space">
      <UniqueIdentifier>{05d3167a-4ebc-4b09-8b0b-48ffeec913e1}</UniqueIdentifier>
    </Filter>
  </ItemGroup>
</Project>