<?xml version="1.0" encoding="utf-8"?>
<Project ToolsVersion="4.0" xmlns="http://schemas.microsoft.com/developer/msbuild/2003">
  <ItemGroup>
    <ClCompile Include="BoundarySolver.cpp" />
    <ClCompile Include="Fluid.cpp" />
    <ClCompile Include="ParticlePair.cpp" />
    <ClCompile Include="PhysicsObject.cpp" />
    <ClCompile Include="PhysicsWorld.cpp" />
    <ClCompile Include="Spring.cpp" />
    <ClCompile Include="BulletInteraction.cpp">
      <Filter>Bullet</Filter>
    </ClCompile>
    <ClCompile Include="BulletConverter.cpp">
      <Filter>Bullet</Filter>
    </ClCompile>
    <ClCompile Include="BulletRigid.cpp">
      <Filter>Bullet</Filter>
    </ClCompile>
    <ClCompile Include="Surfels.cpp" />
    <ClCompile Include="BulletParticle.cpp">
      <Filter>Bullet</Filter>
    </ClCompile>
    <ClCompile Include="SPHParticle.cpp" />
    <ClCompile Include="NeighborFinder.cpp" />
    <ClCompile Include="BulletWorld.cpp">
      <Filter>Bullet</Filter>
    </ClCompile>
    <ClCompile Include="IndexedParticle.cpp" />
    <ClCompile Include="IndexedFinder.cpp" />
    <ClCompile Include="SurfaceBuilder.cpp" />
    <ClCompile Include="OrientedParticle.cpp" />
    <ClCompile Include="IISPHParticle.cpp">
      <Filter>IISPH</Filter>
    </ClCompile>
    <ClCompile Include="IISPHSolver.cpp">
      <Filter>IISPH</Filter>
    </ClCompile>
    <ClCompile Include="IISPHSpaceHash.cpp">
      <Filter>IISPH</Filter>
    </ClCompile>
    <ClCompile Include="IISPHBoundarySolver.cpp">
      <Filter>IISPH</Filter>
    </ClCompile>
    <ClCompile Include="PBSPHParticle.cpp">
      <Filter>PBSPH</Filter>
    </ClCompile>
    <ClCompile Include="PBSPHSolver.cpp">
      <Filter>PBSPH</Filter>
    </ClCompile>
    <ClCompile Include="PBSPHBoundarySolver.cpp">
      <Filter>PBSPH</Filter>
    </ClCompile>
    <ClCompile Include="PBSPHObject.cpp">
      <Filter>PBSPH</Filter>
    </ClCompile>
    <ClCompile Include="PBSPHNeighborFinder.cpp">
      <Filter>PBSPH</Filter>
    </ClCompile>
    <ClCompile Include="PBIndexedParticle.cpp">
      <Filter>PBSPH</Filter>
    </ClCompile>
  </ItemGroup>
  <ItemGroup>
    <ClInclude Include="BoundarySolver.h" />
    <ClInclude Include="Fluid.h" />
    <ClInclude Include="ParticlePair.h" />
    <ClInclude Include="PhysicsObject.h" />
    <ClInclude Include="PhysicsWorld.h" />
    <ClInclude Include="Spring.h" />
    <ClInclude Include="BulletInteraction.h">
      <Filter>Bullet</Filter>
    </ClInclude>
    <ClInclude Include="BulletConverter.h">
      <Filter>Bullet</Filter>
    </ClInclude>
    <ClInclude Include="BulletRigid.h">
      <Filter>Bullet</Filter>
    </ClInclude>
    <ClInclude Include="Surfels.h" />
    <ClInclude Include="Bullet.h">
      <Filter>Bullet</Filter>
    </ClInclude>
    <ClInclude Include="BulletParticle.h">
      <Filter>Bullet</Filter>
    </ClInclude>
    <ClInclude Include="SPHParticle.h" />
    <ClInclude Include="NeighborFinder.h" />
    <ClInclude Include="BulletWorld.h">
      <Filter>Bullet</Filter>
    </ClInclude>
    <ClInclude Include="SPHConstant.h" />
    <ClInclude Include="IndexedParticle.h" />
    <ClInclude Include="IndexedFinder.h" />
    <ClInclude Include="SurfaceBuilder.h" />
    <ClInclude Include="OrientedParticle.h" />
    <ClInclude Include="IISPHParticle.h">
      <Filter>IISPH</Filter>
    </ClInclude>
    <ClInclude Include="IISPHSolver.h">
      <Filter>IISPH</Filter>
    </ClInclude>
    <ClInclude Include="IISPHSpaceHash.h">
      <Filter>IISPH</Filter>
    </ClInclude>
    <ClInclude Include="IISPHBoundarySolver.h">
      <Filter>IISPH</Filter>
    </ClInclude>
    <ClInclude Include="PBSPHParticle.h">
      <Filter>PBSPH</Filter>
    </ClInclude>
    <ClInclude Include="PBSPHSolver.h">
      <Filter>PBSPH</Filter>
    </ClInclude>
    <ClInclude Include="PBSPHBoundarySolver.h">
      <Filter>PBSPH</Filter>
    </ClInclude>
    <ClInclude Include="PBSPHObject.h">
      <Filter>PBSPH</Filter>
    </ClInclude>
    <ClInclude Include="PBSPHNeighborFinder.h">
      <Filter>PBSPH</Filter>
    </ClInclude>
    <ClInclude Include="PBIndexedParticle.h">
      <Filter>PBSPH</Filter>
    </ClInclude>
  </ItemGroup>
  <ItemGroup>
    <Filter Include="Bullet">
      <UniqueIdentifier>{ff1ddc0c-a2c0-49e4-8e47-11382907778a}</UniqueIdentifier>
    </Filter>
    <Filter Include="IISPH">
      <UniqueIdentifier>{bfe07c1c-6f58-4479-ab7d-d94982b50b51}</UniqueIdentifier>
    </Filter>
    <Filter Include="PBSPH">
      <UniqueIdentifier>{2be94e29-f7ba-4927-8266-eafba79d7605}</UniqueIdentifier>
    </Filter>
  </ItemGroup>
</Project>