<?xml version="1.0" encoding="utf-8"?>
<Project ToolsVersion="4.0" xmlns="http://schemas.microsoft.com/developer/msbuild/2003">
  <ItemGroup>
    <ClCompile Include="Sample.cpp" />
    <ClCompile Include="RenderingSample.cpp">
      <Filter>Shader</Filter>
    </ClCompile>
    <ClCompile Include="FluidSample.cpp">
      <Filter>Physics</Filter>
    </ClCompile>
    <ClCompile Include="glfw.cpp" />
    <ClCompile Include="IOSample.cpp">
      <Filter>IO</Filter>
    </ClCompile>
    <ClCompile Include="VolumeSample.cpp">
      <Filter>Polygon</Filter>
    </ClCompile>
    <ClCompile Include="ParticleSample.cpp">
      <Filter>Polygon</Filter>
    </ClCompile>
    <ClCompile Include="PointRendererSample.cpp">
      <Filter>Shader</Filter>
    </ClCompile>
    <ClCompile Include="IDRendererSample.cpp">
      <Filter>Shader</Filter>
    </ClCompile>
    <ClCompile Include="RigidSample.cpp">
      <Filter>Physics</Filter>
    </ClCompile>
    <ClCompile Include="CouplingSample.cpp">
      <Filter>Physics</Filter>
    </ClCompile>
    <ClCompile Include="SmoothRendererSample.cpp">
      <Filter>Shader</Filter>
    </ClCompile>
    <ClCompile Include="Cursor3dSample.cpp">
      <Filter>UI</Filter>
    </ClCompile>
    <ClCompile Include="DamBreakSample.cpp">
      <Filter>Physics</Filter>
    </ClCompile>
    <ClCompile Include="FluidRenderingSample.cpp">
      <Filter>Shader</Filter>
    </ClCompile>
    <ClCompile Include="CubeMapSample.cpp">
      <Filter>Shader</Filter>
    </ClCompile>
    <ClCompile Include="DepthRenderingSample.cpp">
      <Filter>Shader</Filter>
    </ClCompile>
  </ItemGroup>
  <ItemGroup>
    <ClInclude Include="RenderingSample.h">
      <Filter>Shader</Filter>
    </ClInclude>
    <ClInclude Include="FluidSample.h">
      <Filter>Physics</Filter>
    </ClInclude>
    <ClInclude Include="glfw.h" />
    <ClInclude Include="ISample.h" />
    <ClInclude Include="IOSample.h">
      <Filter>IO</Filter>
    </ClInclude>
    <ClInclude Include="VolumeSample.h">
      <Filter>Polygon</Filter>
    </ClInclude>
    <ClInclude Include="ParticleSample.h">
      <Filter>Polygon</Filter>
    </ClInclude>
    <ClInclude Include="PointRendererSample.h">
      <Filter>Shader</Filter>
    </ClInclude>
    <ClInclude Include="IDRendererSample.h">
      <Filter>Shader</Filter>
    </ClInclude>
    <ClInclude Include="RigidSample.h">
      <Filter>Physics</Filter>
    </ClInclude>
    <ClInclude Include="CouplingSample.h">
      <Filter>Physics</Filter>
    </ClInclude>
    <ClInclude Include="SmoothRendererSample.h">
      <Filter>Shader</Filter>
    </ClInclude>
    <ClInclude Include="Cursor3dSample.h">
      <Filter>UI</Filter>
    </ClInclude>
    <ClInclude Include="DamBreakSample.h">
      <Filter>Physics</Filter>
    </ClInclude>
    <ClInclude Include="FluidRenderingSample.h">
      <Filter>Shader</Filter>
    </ClInclude>
    <ClInclude Include="CubeMapSample.h">
      <Filter>Shader</Filter>
    </ClInclude>
    <ClInclude Include="DepthRenderingSample.h">
      <Filter>Shader</Filter>
    </ClInclude>
  </ItemGroup>
  <ItemGroup>
    <Filter Include="Physics">
      <UniqueIdentifier>{982a0d3a-dfd6-492b-8845-160a14a9fd9e}</UniqueIdentifier>
    </Filter>
    <Filter Include="Shader">
      <UniqueIdentifier>{9b326244-88ae-469b-be9e-87c8f093fe2c}</UniqueIdentifier>
    </Filter>
    <Filter Include="IO">
      <UniqueIdentifier>{5953bcab-3ee1-4ad5-8cf1-901dd140ad8a}</UniqueIdentifier>
    </Filter>
    <Filter Include="Polygon">
      <UniqueIdentifier>{781110b5-86ee-4f97-a4e0-fbda037c63da}</UniqueIdentifier>
    </Filter>
    <Filter Include="UI">
      <UniqueIdentifier>{5edab2b2-47e0-4892-ae56-bd9c348bae0b}</UniqueIdentifier>
    </Filter>
  </ItemGroup>
</Project>