<?xml version="1.0" encoding="utf-8"?>
<Project ToolsVersion="4.0" xmlns="http://schemas.microsoft.com/developer/msbuild/2003">
  <ItemGroup>
    <ClCompile Include="ShaderTest.cpp" />
    <ClCompile Include="SmoothRendererTest.cpp" />
    <ClCompile Include="FrameBufferTest.cpp" />
    <ClCompile Include="NormalRendererTest.cpp" />
    <ClCompile Include="ShaderObjectTest.cpp" />
    <ClCompile Include="TextureTest.cpp" />
    <ClCompile Include="DepthRendererTest.cpp" />
    <ClCompile Include="QuadRendererTest.cpp" />
    <ClCompile Include="BillBoardRendererTest.cpp" />
    <ClCompile Include="PointRendererTest.cpp" />
    <ClCompile Include="glfw3.cpp" />
  </ItemGroup>
  <ItemGroup>
    <ClInclude Include="glfw.h" />
  </ItemGroup>
</Project>