<?xml version="1.0" encoding="utf-8"?>
<Project ToolsVersion="4.0" xmlns="http://schemas.microsoft.com/developer/msbuild/2003">
  <ItemGroup>
    <ClCompile Include="QuaternionTest.cpp" />
    <ClCompile Include="ToleranceTest.cpp" />
    <ClCompile Include="KernelTest.cpp" />
    <ClCompile Include="Space2dTest.cpp" />
    <ClCompile Include="Space3dTest.cpp" />
    <ClCompile Include="Grid1dTest.cpp" />
    <ClCompile Include="Grid3dTest.cpp" />
    <ClCompile Include="Grid2dTest.cpp" />
    <ClCompile Include="VectorTest.cpp" />
    <ClCompile Include="MatrixTest.cpp" />
    <ClCompile Include="AngleTest.cpp" />
    <ClCompile Include="EllipsoidTest.cpp" />
    <ClCompile Include="SPHKernelTest.cpp" />
    <ClCompile Include="PolarCoord3dTest.cpp" />
    <ClCompile Include="Circle2dTest.cpp">
      <Filter>Primitive2d</Filter>
    </ClCompile>
    <ClCompile Include="Box2dTest.cpp">
      <Filter>Primitive2d</Filter>
    </ClCompile>
    <ClCompile Include="EllipseTest.cpp">
      <Filter>Primitive2d</Filter>
    </ClCompile>
    <ClCompile Include="Box3dTest.cpp">
      <Filter>Primitive3d</Filter>
    </ClCompile>
    <ClCompile Include="CylinderTest.cpp">
      <Filter>Primitive3d</Filter>
    </ClCompile>
    <ClCompile Include="CylindroidTest.cpp">
      <Filter>Primitive3d</Filter>
    </ClCompile>
    <ClCompile Include="Vector3dTest.cpp">
      <Filter>Vector</Filter>
    </ClCompile>
    <ClCompile Include="Vector4dTest.cpp">
      <Filter>Vector</Filter>
    </ClCompile>
    <ClCompile Include="Vector2dTest.cpp">
      <Filter>Vector</Filter>
    </ClCompile>
    <ClCompile Include="Circle3dTest.cpp">
      <Filter>Primitive3d</Filter>
    </ClCompile>
    <ClCompile Include="Ray3dTest.cpp" />
    <ClCompile Include="Triangle3dTest.cpp">
      <Filter>Primitive3d</Filter>
    </ClCompile>
    <ClCompile Include="Matrix2dTest.cpp">
      <Filter>Matrix</Filter>
    </ClCompile>
    <ClCompile Include="Matrix3dTest.cpp">
      <Filter>Matrix</Filter>
    </ClCompile>
    <ClCompile Include="Matrix4dTest.cpp">
      <Filter>Matrix</Filter>
    </ClCompile>
    <ClCompile Include="ConeTest.cpp">
      <Filter>Primitive3d</Filter>
    </ClCompile>
    <ClCompile Include="Curve3dTest.cpp">
      <Filter>Curve</Filter>
    </ClCompile>
    <ClCompile Include="TriangleCurve3dTest.cpp">
      <Filter>Curve</Filter>
    </ClCompile>
    <ClCompile Include="Line3dTest.cpp">
      <Filter>Primitive3d</Filter>
    </ClCompile>
    <ClCompile Include="PolyLine3dTest.cpp">
      <Filter>Primitive3d</Filter>
    </ClCompile>
    <ClCompile Include="Ellipse3dTest.cpp">
      <Filter>Primitive3d</Filter>
    </ClCompile>
    <ClCompile Include="Point3dTest.cpp" />
    <ClCompile Include="Intersection3dTest.cpp" />
    <ClCompile Include="Plane3dTest.cpp">
      <Filter>Primitive3d</Filter>
    </ClCompile>
    <ClCompile Include="SphereTest.cpp">
      <Filter>Primitive3d</Filter>
    </ClCompile>
    <ClCompile Include="QuadTest.cpp">
      <Filter>Primitive3d</Filter>
    </ClCompile>
  </ItemGroup>
  <ItemGroup>
    <Filter Include="Primitive2d">
      <UniqueIdentifier>{202b8a9f-e040-497b-b637-fd129b19fbc2}</UniqueIdentifier>
    </Filter>
    <Filter Include="Primitive3d">
      <UniqueIdentifier>{f736b951-a485-4d87-a342-7a7534280741}</UniqueIdentifier>
    </Filter>
    <Filter Include="Vector">
      <UniqueIdentifier>{97765429-dd2a-453c-b82e-7602238c04d6}</UniqueIdentifier>
    </Filter>
    <Filter Include="Matrix">
      <UniqueIdentifier>{02bf1e21-5a89-40ae-a289-3cbcffee2522}</UniqueIdentifier>
    </Filter>
    <Filter Include="Curve">
      <UniqueIdentifier>{f158f054-5da1-42ce-a57c-9d1ac12c6cbf}</UniqueIdentifier>
    </Filter>
  </ItemGroup>
</Project>