<?xml version="1.0" encoding="utf-8"?>
<Project ToolsVersion="4.0" xmlns="http://schemas.microsoft.com/developer/msbuild/2003">
  <ItemGroup>
    <ClCompile Include="SphereTest.cpp" />
    <ClCompile Include="QuaternionTest.cpp" />
    <ClCompile Include="ToleranceTest.cpp" />
    <ClCompile Include="TriangleTest.cpp" />
    <ClCompile Include="KernelTest.cpp" />
    <ClCompile Include="Space2dTest.cpp" />
    <ClCompile Include="Space3dTest.cpp" />
    <ClCompile Include="Vector3dTest.cpp" />
    <ClCompile Include="Matrix4dTest.cpp" />
    <ClCompile Include="Matrix3dTest.cpp" />
    <ClCompile Include="Matrix2dTest.cpp" />
    <ClCompile Include="Grid1dTest.cpp" />
    <ClCompile Include="Grid3dTest.cpp" />
    <ClCompile Include="Grid2dTest.cpp" />
    <ClCompile Include="Plane3dTest.cpp" />
    <ClCompile Include="Line3dTest.cpp" />
    <ClCompile Include="Vector4dTest.cpp" />
    <ClCompile Include="Box3dTest.cpp" />
    <ClCompile Include="Box2dTest.cpp" />
    <ClCompile Include="VectorTest.cpp" />
    <ClCompile Include="MatrixTest.cpp" />
    <ClCompile Include="AngleTest.cpp" />
    <ClCompile Include="CylinderTest.cpp" />
    <ClCompile Include="EllipsoidTest.cpp" />
    <ClCompile Include="SPHKernelTest.cpp" />
    <ClCompile Include="PolarCoord3dTest.cpp" />
    <ClCompile Include="QuadTest.cpp" />
    <ClCompile Include="Circle2dTest.cpp" />
  </ItemGroup>
</Project>