<?xml version="1.0" encoding="utf-8"?>
<Project ToolsVersion="4.0" xmlns="http://schemas.microsoft.com/developer/msbuild/2003">
  <ItemGroup>
    <ClCompile Include="SphereTest.cpp" />
    <ClCompile Include="QuaternionTest.cpp" />
    <ClCompile Include="ToleranceTest.cpp" />
    <ClCompile Include="TriangleTest.cpp" />
    <ClCompile Include="KernelTest.cpp" />
    <ClCompile Include="Space2dTest.cpp" />
    <ClCompile Include="Space3dTest.cpp" />
    <ClCompile Include="Matrix4dTest.cpp" />
    <ClCompile Include="Matrix3dTest.cpp" />
    <ClCompile Include="Matrix2dTest.cpp" />
    <ClCompile Include="Grid1dTest.cpp" />
    <ClCompile Include="Grid3dTest.cpp" />
    <ClCompile Include="Grid2dTest.cpp" />
    <ClCompile Include="Plane3dTest.cpp" />
    <ClCompile Include="Line3dTest.cpp" />
    <ClCompile Include="VectorTest.cpp" />
    <ClCompile Include="MatrixTest.cpp" />
    <ClCompile Include="AngleTest.cpp" />
    <ClCompile Include="EllipsoidTest.cpp" />
    <ClCompile Include="SPHKernelTest.cpp" />
    <ClCompile Include="PolarCoord3dTest.cpp" />
    <ClCompile Include="QuadTest.cpp" />
    <ClCompile Include="Curve3dTest.cpp" />
    <ClCompile Include="Circle2dTest.cpp">
      <Filter>Primitive2d</Filter>
    </ClCompile>
    <ClCompile Include="Box2dTest.cpp">
      <Filter>Primitive2d</Filter>
    </ClCompile>
    <ClCompile Include="EllipseTest.cpp">
      <Filter>Primitive2d</Filter>
    </ClCompile>
    <ClCompile Include="Box3dTest.cpp">
      <Filter>Primitive3d</Filter>
    </ClCompile>
    <ClCompile Include="CylinderTest.cpp">
      <Filter>Primitive3d</Filter>
    </ClCompile>
    <ClCompile Include="CylindroidTest.cpp">
      <Filter>Primitive3d</Filter>
    </ClCompile>
    <ClCompile Include="Vector3dTest.cpp">
      <Filter>Vector</Filter>
    </ClCompile>
    <ClCompile Include="Vector4dTest.cpp">
      <Filter>Vector</Filter>
    </ClCompile>
    <ClCompile Include="Vector2dTest.cpp">
      <Filter>Vector</Filter>
    </ClCompile>
    <ClCompile Include="Circle3dTest.cpp">
      <Filter>Primitive3d</Filter>
    </ClCompile>
  </ItemGroup>
  <ItemGroup>
    <Filter Include="Primitive2d">
      <UniqueIdentifier>{202b8a9f-e040-497b-b637-fd129b19fbc2}</UniqueIdentifier>
    </Filter>
    <Filter Include="Primitive3d">
      <UniqueIdentifier>{f736b951-a485-4d87-a342-7a7534280741}</UniqueIdentifier>
    </Filter>
    <Filter Include="Vector">
      <UniqueIdentifier>{97765429-dd2a-453c-b82e-7602238c04d6}</UniqueIdentifier>
    </Filter>
  </ItemGroup>
</Project>